
Microsoft Visual Studio Solution File, Format Version 12.00
# Visual Studio Version 17
VisualStudioVersion = 17.0.31912.275
MinimumVisualStudioVersion = 10.0.40219.1
Project("{9A19103F-16F7-4668-BE54-9A1E7A4F7556}") = "Maersk.Test.AutoFixtureExtensions", "src\Maersk.Test.AutoFixtureExtensions\Maersk.Test.AutoFixtureExtensions.csproj", "{B0E5AF54-3092-4B26-A7C6-09A433A1415E}"
EndProject
Project("{9A19103F-16F7-4668-BE54-9A1E7A4F7556}") = "Maersk.Test.AutoFixtureExtensions.Tests", "test\Maersk.Test.AutoFixtureExtensions.Tests\Maersk.Test.AutoFixtureExtensions.Tests.csproj", "{6C6FE799-C462-48E8-9A92-965EFECAF533}"
EndProject
Global
	GlobalSection(SolutionConfigurationPlatforms) = preSolution
		Debug|Any CPU = Debug|Any CPU
		Release|Any CPU = Release|Any CPU
	EndGlobalSection
	GlobalSection(ProjectConfigurationPlatforms) = postSolution
		{B0E5AF54-3092-4B26-A7C6-09A433A1415E}.Debug|Any CPU.ActiveCfg = Debug|Any CPU
		{B0E5AF54-3092-4B26-A7C6-09A433A1415E}.Debug|Any CPU.Build.0 = Debug|Any CPU
		{B0E5AF54-3092-4B26-A7C6-09A433A1415E}.Release|Any CPU.ActiveCfg = Release|Any CPU
		{B0E5AF54-3092-4B26-A7C6-09A433A1415E}.Release|Any CPU.Build.0 = Release|Any CPU
		{6C6FE799-C462-48E8-9A92-965EFECAF533}.Debug|Any CPU.ActiveCfg = Debug|Any CPU
		{6C6FE799-C462-48E8-9A92-965EFECAF533}.Debug|Any CPU.Build.0 = Debug|Any CPU
		{6C6FE799-C462-48E8-9A92-965EFECAF533}.Release|Any CPU.ActiveCfg = Release|Any CPU
		{6C6FE799-C462-48E8-9A92-965EFECAF533}.Release|Any CPU.Build.0 = Release|Any CPU
	EndGlobalSection
	GlobalSection(SolutionProperties) = preSolution
		HideSolutionNode = FALSE
	EndGlobalSection
	GlobalSection(ExtensibilityGlobals) = postSolution
		SolutionGuid = {88A54E9F-86C7-4577-8787-76D4859BB0AD}
	EndGlobalSection
EndGlobal
